// !$*UTF8*$!
{
	archiveVersion = 1;
	classes = {
	};
	objectVersion = 56;
	objects = {

/* Begin PBXBuildFile section */
		ED3928B12A006003002170D4 /* AppDelegate.swift in Sources */ = {isa = PBXBuildFile; fileRef = ED3928B02A006003002170D4 /* AppDelegate.swift */; };
		ED3928B32A006003002170D4 /* SceneDelegate.swift in Sources */ = {isa = PBXBuildFile; fileRef = ED3928B22A006003002170D4 /* SceneDelegate.swift */; };
		ED3928B82A006003002170D4 /* Main.storyboard in Resources */ = {isa = PBXBuildFile; fileRef = ED3928B62A006003002170D4 /* Main.storyboard */; };
		ED3928BB2A006003002170D4 /* NotesUIKit.xcdatamodeld in Sources */ = {isa = PBXBuildFile; fileRef = ED3928B92A006003002170D4 /* NotesUIKit.xcdatamodeld */; };
		ED3928BD2A006004002170D4 /* Assets.xcassets in Resources */ = {isa = PBXBuildFile; fileRef = ED3928BC2A006004002170D4 /* Assets.xcassets */; };
		ED3928C02A006004002170D4 /* LaunchScreen.storyboard in Resources */ = {isa = PBXBuildFile; fileRef = ED3928BE2A006004002170D4 /* LaunchScreen.storyboard */; };
		ED3928CD2A007EBA002170D4 /* AddNoteViewController.swift in Sources */ = {isa = PBXBuildFile; fileRef = ED3928CC2A007EBA002170D4 /* AddNoteViewController.swift */; };
		ED3928CF2A007F01002170D4 /* HomeTableViewController.swift in Sources */ = {isa = PBXBuildFile; fileRef = ED3928CE2A007F01002170D4 /* HomeTableViewController.swift */; };
		ED3928D12A0088BE002170D4 /* NotesUIKitModel.swift in Sources */ = {isa = PBXBuildFile; fileRef = ED3928D02A0088BE002170D4 /* NotesUIKitModel.swift */; };
/* End PBXBuildFile section */

/* Begin PBXFileReference section */
		ED3928AD2A006003002170D4 /* NotesUIKit.app */ = {isa = PBXFileReference; explicitFileType = wrapper.application; includeInIndex = 0; path = NotesUIKit.app; sourceTree = BUILT_PRODUCTS_DIR; };
		ED3928B02A006003002170D4 /* AppDelegate.swift */ = {isa = PBXFileReference; lastKnownFileType = sourcecode.swift; path = AppDelegate.swift; sourceTree = "<group>"; };
		ED3928B22A006003002170D4 /* SceneDelegate.swift */ = {isa = PBXFileReference; lastKnownFileType = sourcecode.swift; path = SceneDelegate.swift; sourceTree = "<group>"; };
		ED3928B72A006003002170D4 /* Base */ = {isa = PBXFileReference; lastKnownFileType = file.storyboard; name = Base; path = Base.lproj/Main.storyboard; sourceTree = "<group>"; };
		ED3928BA2A006003002170D4 /* NotesUIKit.xcdatamodel */ = {isa = PBXFileReference; lastKnownFileType = wrapper.xcdatamodel; path = NotesUIKit.xcdatamodel; sourceTree = "<group>"; };
		ED3928BC2A006004002170D4 /* Assets.xcassets */ = {isa = PBXFileReference; lastKnownFileType = folder.assetcatalog; path = Assets.xcassets; sourceTree = "<group>"; };
		ED3928BF2A006004002170D4 /* Base */ = {isa = PBXFileReference; lastKnownFileType = file.storyboard; name = Base; path = Base.lproj/LaunchScreen.storyboard; sourceTree = "<group>"; };
		ED3928C12A006004002170D4 /* Info.plist */ = {isa = PBXFileReference; lastKnownFileType = text.plist.xml; path = Info.plist; sourceTree = "<group>"; };
		ED3928CC2A007EBA002170D4 /* AddNoteViewController.swift */ = {isa = PBXFileReference; lastKnownFileType = sourcecode.swift; path = AddNoteViewController.swift; sourceTree = "<group>"; };
		ED3928CE2A007F01002170D4 /* HomeTableViewController.swift */ = {isa = PBXFileReference; lastKnownFileType = sourcecode.swift; path = HomeTableViewController.swift; sourceTree = "<group>"; };
		ED3928D02A0088BE002170D4 /* NotesUIKitModel.swift */ = {isa = PBXFileReference; lastKnownFileType = sourcecode.swift; path = NotesUIKitModel.swift; sourceTree = "<group>"; };
/* End PBXFileReference section */

/* Begin PBXFrameworksBuildPhase section */
		ED3928AA2A006003002170D4 /* Frameworks */ = {
			isa = PBXFrameworksBuildPhase;
			buildActionMask = 2147483647;
			files = (
			);
			runOnlyForDeploymentPostprocessing = 0;
		};
/* End PBXFrameworksBuildPhase section */

/* Begin PBXGroup section */
		ED3928A42A006003002170D4 = {
			isa = PBXGroup;
			children = (
				ED3928C72A006034002170D4 /* Model */,
				ED3928C82A007E61002170D4 /* View */,
				ED3928C92A007E67002170D4 /* Controller */,
				ED3928AF2A006003002170D4 /* NotesUIKit */,
				ED3928AE2A006003002170D4 /* Products */,
			);
			sourceTree = "<group>";
		};
		ED3928AE2A006003002170D4 /* Products */ = {
			isa = PBXGroup;
			children = (
				ED3928AD2A006003002170D4 /* NotesUIKit.app */,
			);
			name = Products;
			sourceTree = "<group>";
		};
		ED3928AF2A006003002170D4 /* NotesUIKit */ = {
			isa = PBXGroup;
			children = (
				ED3928B02A006003002170D4 /* AppDelegate.swift */,
				ED3928B22A006003002170D4 /* SceneDelegate.swift */,
				ED3928BC2A006004002170D4 /* Assets.xcassets */,
				ED3928BE2A006004002170D4 /* LaunchScreen.storyboard */,
				ED3928C12A006004002170D4 /* Info.plist */,
				ED3928B92A006003002170D4 /* NotesUIKit.xcdatamodeld */,
			);
			path = NotesUIKit;
			sourceTree = "<group>";
		};
		ED3928C72A006034002170D4 /* Model */ = {
			isa = PBXGroup;
			children = (
				ED3928D02A0088BE002170D4 /* NotesUIKitModel.swift */,
			);
			path = Model;
			sourceTree = "<group>";
		};
		ED3928C82A007E61002170D4 /* View */ = {
			isa = PBXGroup;
			children = (
				ED3928B62A006003002170D4 /* Main.storyboard */,
			);
			path = View;
			sourceTree = "<group>";
		};
		ED3928C92A007E67002170D4 /* Controller */ = {
			isa = PBXGroup;
			children = (
				ED3928CC2A007EBA002170D4 /* AddNoteViewController.swift */,
				ED3928CE2A007F01002170D4 /* HomeTableViewController.swift */,
			);
			path = Controller;
			sourceTree = "<group>";
		};
/* End PBXGroup section */

/* Begin PBXNativeTarget section */
		ED3928AC2A006003002170D4 /* NotesUIKit */ = {
			isa = PBXNativeTarget;
			buildConfigurationList = ED3928C42A006004002170D4 /* Build configuration list for PBXNativeTarget "NotesUIKit" */;
			buildPhases = (
				ED3928A92A006003002170D4 /* Sources */,
				ED3928AA2A006003002170D4 /* Frameworks */,
				ED3928AB2A006003002170D4 /* Resources */,
			);
			buildRules = (
			);
			dependencies = (
			);
			name = NotesUIKit;
			productName = NotesUIKit;
			productReference = ED3928AD2A006003002170D4 /* NotesUIKit.app */;
			productType = "com.apple.product-type.application";
		};
/* End PBXNativeTarget section */

/* Begin PBXProject section */
		ED3928A52A006003002170D4 /* Project object */ = {
			isa = PBXProject;
			attributes = {
				BuildIndependentTargetsInParallel = 1;
				LastSwiftUpdateCheck = 1430;
				LastUpgradeCheck = 1430;
				TargetAttributes = {
					ED3928AC2A006003002170D4 = {
						CreatedOnToolsVersion = 14.3;
					};
				};
			};
			buildConfigurationList = ED3928A82A006003002170D4 /* Build configuration list for PBXProject "NotesUIKit" */;
			compatibilityVersion = "Xcode 14.0";
			developmentRegion = en;
			hasScannedForEncodings = 0;
			knownRegions = (
				en,
				Base,
			);
			mainGroup = ED3928A42A006003002170D4;
			productRefGroup = ED3928AE2A006003002170D4 /* Products */;
			projectDirPath = "";
			projectRoot = "";
			targets = (
				ED3928AC2A006003002170D4 /* NotesUIKit */,
			);
		};
/* End PBXProject section */

/* Begin PBXResourcesBuildPhase section */
		ED3928AB2A006003002170D4 /* Resources */ = {
			isa = PBXResourcesBuildPhase;
			buildActionMask = 2147483647;
			files = (
				ED3928C02A006004002170D4 /* LaunchScreen.storyboard in Resources */,
				ED3928BD2A006004002170D4 /* Assets.xcassets in Resources */,
				ED3928B82A006003002170D4 /* Main.storyboard in Resources */,
			);
			runOnlyForDeploymentPostprocessing = 0;
		};
/* End PBXResourcesBuildPhase section */

/* Begin PBXSourcesBuildPhase section */
		ED3928A92A006003002170D4 /* Sources */ = {
			isa = PBXSourcesBuildPhase;
			buildActionMask = 2147483647;
			files = (
				ED3928B12A006003002170D4 /* AppDelegate.swift in Sources */,
				ED3928BB2A006003002170D4 /* NotesUIKit.xcdatamodeld in Sources */,
				ED3928D12A0088BE002170D4 /* NotesUIKitModel.swift in Sources */,
				ED3928B32A006003002170D4 /* SceneDelegate.swift in Sources */,
				ED3928CD2A007EBA002170D4 /* AddNoteViewController.swift in Sources */,
				ED3928CF2A007F01002170D4 /* HomeTableViewController.swift in Sources */,
			);
			runOnlyForDeploymentPostprocessing = 0;
		};
/* End PBXSourcesBuildPhase section */

/* Begin PBXVariantGroup section */
		ED3928B62A006003002170D4 /* Main.storyboard */ = {
			isa = PBXVariantGroup;
			children = (
				ED3928B72A006003002170D4 /* Base */,
			);
			name = Main.storyboard;
			sourceTree = "<group>";
		};
		ED3928BE2A006004002170D4 /* LaunchScreen.storyboard */ = {
			isa = PBXVariantGroup;
			children = (
				ED3928BF2A006004002170D4 /* Base */,
			);
			name = LaunchScreen.storyboard;
			sourceTree = "<group>";
		};
/* End PBXVariantGroup section */

/* Begin XCBuildConfiguration section */
		ED3928C22A006004002170D4 /* Debug */ = {
			isa = XCBuildConfiguration;
			buildSettings = {
				ALWAYS_SEARCH_USER_PATHS = NO;
				CLANG_ANALYZER_NONNULL = YES;
				CLANG_ANALYZER_NUMBER_OBJECT_CONVERSION = YES_AGGRESSIVE;
				CLANG_CXX_LANGUAGE_STANDARD = "gnu++20";
				CLANG_ENABLE_MODULES = YES;
				CLANG_ENABLE_OBJC_ARC = YES;
				CLANG_ENABLE_OBJC_WEAK = YES;
				CLANG_WARN_BLOCK_CAPTURE_AUTORELEASING = YES;
				CLANG_WARN_BOOL_CONVERSION = YES;
				CLANG_WARN_COMMA = YES;
				CLANG_WARN_CONSTANT_CONVERSION = YES;
				CLANG_WARN_DEPRECATED_OBJC_IMPLEMENTATIONS = YES;
				CLANG_WARN_DIRECT_OBJC_ISA_USAGE = YES_ERROR;
				CLANG_WARN_DOCUMENTATION_COMMENTS = YES;
				CLANG_WARN_EMPTY_BODY = YES;
				CLANG_WARN_ENUM_CONVERSION = YES;
				CLANG_WARN_INFINITE_RECURSION = YES;
				CLANG_WARN_INT_CONVERSION = YES;
				CLANG_WARN_NON_LITERAL_NULL_CONVERSION = YES;
				CLANG_WARN_OBJC_IMPLICIT_RETAIN_SELF = YES;
				CLANG_WARN_OBJC_LITERAL_CONVERSION = YES;
				CLANG_WARN_OBJC_ROOT_CLASS = YES_ERROR;
				CLANG_WARN_QUOTED_INCLUDE_IN_FRAMEWORK_HEADER = YES;
				CLANG_WARN_RANGE_LOOP_ANALYSIS = YES;
				CLANG_WARN_STRICT_PROTOTYPES = YES;
				CLANG_WARN_SUSPICIOUS_MOVE = YES;
				CLANG_WARN_UNGUARDED_AVAILABILITY = YES_AGGRESSIVE;
				CLANG_WARN_UNREACHABLE_CODE = YES;
				CLANG_WARN__DUPLICATE_METHOD_MATCH = YES;
				COPY_PHASE_STRIP = NO;
				DEBUG_INFORMATION_FORMAT = dwarf;
				ENABLE_STRICT_OBJC_MSGSEND = YES;
				ENABLE_TESTABILITY = YES;
				GCC_C_LANGUAGE_STANDARD = gnu11;
				GCC_DYNAMIC_NO_PIC = NO;
				GCC_NO_COMMON_BLOCKS = YES;
				GCC_OPTIMIZATION_LEVEL = 0;
				GCC_PREPROCESSOR_DEFINITIONS = (
					"DEBUG=1",
					"$(inherited)",
				);
				GCC_WARN_64_TO_32_BIT_CONVERSION = YES;
				GCC_WARN_ABOUT_RETURN_TYPE = YES_ERROR;
				GCC_WARN_UNDECLARED_SELECTOR = YES;
				GCC_WARN_UNINITIALIZED_AUTOS = YES_AGGRESSIVE;
				GCC_WARN_UNUSED_FUNCTION = YES;
				GCC_WARN_UNUSED_VARIABLE = YES;
				IPHONEOS_DEPLOYMENT_TARGET = 16.4;
				MTL_ENABLE_DEBUG_INFO = INCLUDE_SOURCE;
				MTL_FAST_MATH = YES;
				ONLY_ACTIVE_ARCH = YES;
				SDKROOT = iphoneos;
				SWIFT_ACTIVE_COMPILATION_CONDITIONS = DEBUG;
				SWIFT_OPTIMIZATION_LEVEL = "-Onone";
			};
			name = Debug;
		};
		ED3928C32A006004002170D4 /* Release */ = {
			isa = XCBuildConfiguration;
			buildSettings = {
				ALWAYS_SEARCH_USER_PATHS = NO;
				CLANG_ANALYZER_NONNULL = YES;
				CLANG_ANALYZER_NUMBER_OBJECT_CONVERSION = YES_AGGRESSIVE;
				CLANG_CXX_LANGUAGE_STANDARD = "gnu++20";
				CLANG_ENABLE_MODULES = YES;
				CLANG_ENABLE_OBJC_ARC = YES;
				CLANG_ENABLE_OBJC_WEAK = YES;
				CLANG_WARN_BLOCK_CAPTURE_AUTORELEASING = YES;
				CLANG_WARN_BOOL_CONVERSION = YES;
				CLANG_WARN_COMMA = YES;
				CLANG_WARN_CONSTANT_CONVERSION = YES;
				CLANG_WARN_DEPRECATED_OBJC_IMPLEMENTATIONS = YES;
				CLANG_WARN_DIRECT_OBJC_ISA_USAGE = YES_ERROR;
				CLANG_WARN_DOCUMENTATION_COMMENTS = YES;
				CLANG_WARN_EMPTY_BODY = YES;
				CLANG_WARN_ENUM_CONVERSION = YES;
				CLANG_WARN_INFINITE_RECURSION = YES;
				CLANG_WARN_INT_CONVERSION = YES;
				CLANG_WARN_NON_LITERAL_NULL_CONVERSION = YES;
				CLANG_WARN_OBJC_IMPLICIT_RETAIN_SELF = YES;
				CLANG_WARN_OBJC_LITERAL_CONVERSION = YES;
				CLANG_WARN_OBJC_ROOT_CLASS = YES_ERROR;
				CLANG_WARN_QUOTED_INCLUDE_IN_FRAMEWORK_HEADER = YES;
				CLANG_WARN_RANGE_LOOP_ANALYSIS = YES;
				CLANG_WARN_STRICT_PROTOTYPES = YES;
				CLANG_WARN_SUSPICIOUS_MOVE = YES;
				CLANG_WARN_UNGUARDED_AVAILABILITY = YES_AGGRESSIVE;
				CLANG_WARN_UNREACHABLE_CODE = YES;
				CLANG_WARN__DUPLICATE_METHOD_MATCH = YES;
				COPY_PHASE_STRIP = NO;
				DEBUG_INFORMATION_FORMAT = "dwarf-with-dsym";
				ENABLE_NS_ASSERTIONS = NO;
				ENABLE_STRICT_OBJC_MSGSEND = YES;
				GCC_C_LANGUAGE_STANDARD = gnu11;
				GCC_NO_COMMON_BLOCKS = YES;
				GCC_WARN_64_TO_32_BIT_CONVERSION = YES;
				GCC_WARN_ABOUT_RETURN_TYPE = YES_ERROR;
				GCC_WARN_UNDECLARED_SELECTOR = YES;
				GCC_WARN_UNINITIALIZED_AUTOS = YES_AGGRESSIVE;
				GCC_WARN_UNUSED_FUNCTION = YES;
				GCC_WARN_UNUSED_VARIABLE = YES;
				IPHONEOS_DEPLOYMENT_TARGET = 16.4;
				MTL_ENABLE_DEBUG_INFO = NO;
				MTL_FAST_MATH = YES;
				SDKROOT = iphoneos;
				SWIFT_COMPILATION_MODE = wholemodule;
				SWIFT_OPTIMIZATION_LEVEL = "-O";
				VALIDATE_PRODUCT = YES;
			};
			name = Release;
		};
		ED3928C52A006004002170D4 /* Debug */ = {
			isa = XCBuildConfiguration;
			buildSettings = {
				ASSETCATALOG_COMPILER_APPICON_NAME = AppIcon;
				ASSETCATALOG_COMPILER_GLOBAL_ACCENT_COLOR_NAME = AccentColor;
				CODE_SIGN_STYLE = Automatic;
				CURRENT_PROJECT_VERSION = 1;
				DEVELOPMENT_TEAM = 3KMG2UF7WZ;
				GENERATE_INFOPLIST_FILE = YES;
				INFOPLIST_FILE = NotesUIKit/Info.plist;
				INFOPLIST_KEY_UIApplicationSupportsIndirectInputEvents = YES;
				INFOPLIST_KEY_UILaunchStoryboardName = LaunchScreen.storyboard;
				INFOPLIST_KEY_UIMainStoryboardFile = Main;
				INFOPLIST_KEY_UISupportedInterfaceOrientations_iPad = "UIInterfaceOrientationPortrait UIInterfaceOrientationPortraitUpsideDown UIInterfaceOrientationLandscapeLeft UIInterfaceOrientationLandscapeRight";
				INFOPLIST_KEY_UISupportedInterfaceOrientations_iPhone = "UIInterfaceOrientationPortrait UIInterfaceOrientationLandscapeLeft UIInterfaceOrientationLandscapeRight";
				LD_RUNPATH_SEARCH_PATHS = (
					"$(inherited)",
					"@executable_path/Frameworks",
				);
				MARKETING_VERSION = 1.0;
				PRODUCT_BUNDLE_IDENTIFIER = com.lesscoded.NotesUIKit;
				PRODUCT_NAME = "$(TARGET_NAME)";
				SWIFT_EMIT_LOC_STRINGS = YES;
				SWIFT_VERSION = 5.0;
				TARGETED_DEVICE_FAMILY = "1,2";
			};
			name = Debug;
		};
		ED3928C62A006004002170D4 /* Release */ = {
			isa = XCBuildConfiguration;
			buildSettings = {
				ASSETCATALOG_COMPILER_APPICON_NAME = AppIcon;
				ASSETCATALOG_COMPILER_GLOBAL_ACCENT_COLOR_NAME = AccentColor;
				CODE_SIGN_STYLE = Automatic;
				CURRENT_PROJECT_VERSION = 1;
				DEVELOPMENT_TEAM = 3KMG2UF7WZ;
				GENERATE_INFOPLIST_FILE = YES;
				INFOPLIST_FILE = NotesUIKit/Info.plist;
				INFOPLIST_KEY_UIApplicationSupportsIndirectInputEvents = YES;
				INFOPLIST_KEY_UILaunchStoryboardName = LaunchScreen.storyboard;
				INFOPLIST_KEY_UIMainStoryboardFile = Main;
				INFOPLIST_KEY_UISupportedInterfaceOrientations_iPad = "UIInterfaceOrientationPortrait UIInterfaceOrientationPortraitUpsideDown UIInterfaceOrientationLandscapeLeft UIInterfaceOrientationLandscapeRight";
				INFOPLIST_KEY_UISupportedInterfaceOrientations_iPhone = "UIInterfaceOrientationPortrait UIInterfaceOrientationLandscapeLeft UIInterfaceOrientationLandscapeRight";
				LD_RUNPATH_SEARCH_PATHS = (
					"$(inherited)",
					"@executable_path/Frameworks",
				);
				MARKETING_VERSION = 1.0;
				PRODUCT_BUNDLE_IDENTIFIER = com.lesscoded.NotesUIKit;
				PRODUCT_NAME = "$(TARGET_NAME)";
				SWIFT_EMIT_LOC_STRINGS = YES;
				SWIFT_VERSION = 5.0;
				TARGETED_DEVICE_FAMILY = "1,2";
			};
			name = Release;
		};
/* End XCBuildConfiguration section */

/* Begin XCConfigurationList section */
		ED3928A82A006003002170D4 /* Build configuration list for PBXProject "NotesUIKit" */ = {
			isa = XCConfigurationList;
			buildConfigurations = (
				ED3928C22A006004002170D4 /* Debug */,
				ED3928C32A006004002170D4 /* Release */,
			);
			defaultConfigurationIsVisible = 0;
			defaultConfigurationName = Release;
		};
		ED3928C42A006004002170D4 /* Build configuration list for PBXNativeTarget "NotesUIKit" */ = {
			isa = XCConfigurationList;
			buildConfigurations = (
				ED3928C52A006004002170D4 /* Debug */,
				ED3928C62A006004002170D4 /* Release */,
			);
			defaultConfigurationIsVisible = 0;
			defaultConfigurationName = Release;
		};
/* End XCConfigurationList section */

/* Begin XCVersionGroup section */
		ED3928B92A006003002170D4 /* NotesUIKit.xcdatamodeld */ = {
			isa = XCVersionGroup;
			children = (
				ED3928BA2A006003002170D4 /* NotesUIKit.xcdatamodel */,
			);
			currentVersion = ED3928BA2A006003002170D4 /* NotesUIKit.xcdatamodel */;
			path = NotesUIKit.xcdatamodeld;
			sourceTree = "<group>";
			versionGroupType = wrapper.xcdatamodel;
		};
/* End XCVersionGroup section */
	};
	rootObject = ED3928A52A006003002170D4 /* Project object */;
}
